# THIS IS AN AUTOGENERATED FILE. DO NOT EDIT THIS FILE DIRECTLY.
# yarn lockfile v1


"@techtrain/cli-railway@0.1.2":
  version "0.1.2"
  resolved "https://registry.yarnpkg.com/@techtrain/cli-railway/-/cli-railway-0.1.2.tgz#ab045c9e2a5b6a013f644e6369828103c12e1147"
  integrity sha512-o/qL8wXepmaiYE6J3UjtlVBDWzBBnOmjt9Po2FUX9byT83vpL02uNFO5pd538Eq8P+Aa9LMOzXt6lVLMkeYjrg==

simple-git-hooks@^2.5.1:
  version "2.5.1"
  resolved "https://registry.yarnpkg.com/simple-git-hooks/-/simple-git-hooks-2.5.1.tgz#78ed9cfa552843bc45cd36ad5b7424567119c2f4"
  integrity sha512-iI/MEEVObv45slsxz+BT+5NCS2UDgVIqfQKmNjL4/XnEfacpdYAHd71Imc5Nw/FY100A+i1PIXdIdkLHYcC2Bg==
